
Microsoft Visual Studio Solution File, Format Version 12.00
# Visual Studio 2017
Project("{FAE04EC0-301F-11D3-BF4B-00C04F79EFBC}") = "SimpleAR_RVA_5115100173", "SimpleAR_RVA_5115100173.csproj", "{0D674824-F240-6CD5-56A7-9C293C0D57F1}"
EndProject
Project("{FAE04EC0-301F-11D3-BF4B-00C04F79EFBC}") = "SimpleAR_RVA_5115100173.Editor", "SimpleAR_RVA_5115100173.Editor.csproj", "{208825FA-C30A-1E3B-2EAF-8DCD614C208A}"
EndProject
Global
	GlobalSection(SolutionConfigurationPlatforms) = preSolution
		Debug|Any CPU = Debug|Any CPU
		Release|Any CPU = Release|Any CPU
	EndGlobalSection
	GlobalSection(ProjectConfigurationPlatforms) = postSolution
		{0D674824-F240-6CD5-56A7-9C293C0D57F1}.Debug|Any CPU.ActiveCfg = Debug|Any CPU
		{0D674824-F240-6CD5-56A7-9C293C0D57F1}.Debug|Any CPU.Build.0 = Debug|Any CPU
		{0D674824-F240-6CD5-56A7-9C293C0D57F1}.Release|Any CPU.ActiveCfg = Release|Any CPU
		{0D674824-F240-6CD5-56A7-9C293C0D57F1}.Release|Any CPU.Build.0 = Release|Any CPU
		{208825FA-C30A-1E3B-2EAF-8DCD614C208A}.Debug|Any CPU.ActiveCfg = Debug|Any CPU
		{208825FA-C30A-1E3B-2EAF-8DCD614C208A}.Debug|Any CPU.Build.0 = Debug|Any CPU
		{208825FA-C30A-1E3B-2EAF-8DCD614C208A}.Release|Any CPU.ActiveCfg = Release|Any CPU
		{208825FA-C30A-1E3B-2EAF-8DCD614C208A}.Release|Any CPU.Build.0 = Release|Any CPU
	EndGlobalSection
	GlobalSection(SolutionProperties) = preSolution
		HideSolutionNode = FALSE
	EndGlobalSection
EndGlobal
